
Microsoft Visual Studio Solution File, Format Version 12.00
# Visual Studio Version 17
VisualStudioVersion = 17.4.33205.214
MinimumVisualStudioVersion = 10.0.40219.1
Project("{FAE04EC0-301F-11D3-BF4B-00C04F79EFBC}") = "UIKT", "UIKT\UIKT.csproj", "{102F8367-E1C0-44B4-9A8F-AA77D6CDFD58}"
EndProject
Global
	GlobalSection(SolutionConfigurationPlatforms) = preSolution
		Debug|Any CPU = Debug|Any CPU
		Release|Any CPU = Release|Any CPU
	EndGlobalSection
	GlobalSection(ProjectConfigurationPlatforms) = postSolution
		{102F8367-E1C0-44B4-9A8F-AA77D6CDFD58}.Debug|Any CPU.ActiveCfg = Debug|Any CPU
		{102F8367-E1C0-44B4-9A8F-AA77D6CDFD58}.Debug|Any CPU.Build.0 = Debug|Any CPU
		{102F8367-E1C0-44B4-9A8F-AA77D6CDFD58}.Release|Any CPU.ActiveCfg = Release|Any CPU
		{102F8367-E1C0-44B4-9A8F-AA77D6CDFD58}.Release|Any CPU.Build.0 = Release|Any CPU
	EndGlobalSection
	GlobalSection(SolutionProperties) = preSolution
		HideSolutionNode = FALSE
	EndGlobalSection
	GlobalSection(ExtensibilityGlobals) = postSolution
		SolutionGuid = {2F54E3C0-C581-43A3-98BB-7B690F943028}
	EndGlobalSection
EndGlobal
